// !$*UTF8*$!
{
	archiveVersion = 1;
	classes = {
	};
	objectVersion = 56;
	objects = {

/* Begin PBXBuildFile section */
		425372D92A7545A9008D33ED /* WriteReviewViewController.swift in Sources */ = {isa = PBXBuildFile; fileRef = 425372D82A7545A9008D33ED /* WriteReviewViewController.swift */; };
		427163BE2A587E8F00A11E0C /* AppDelegate.swift in Sources */ = {isa = PBXBuildFile; fileRef = 427163BD2A587E8F00A11E0C /* AppDelegate.swift */; };
		427163C02A587E8F00A11E0C /* SceneDelegate.swift in Sources */ = {isa = PBXBuildFile; fileRef = 427163BF2A587E8F00A11E0C /* SceneDelegate.swift */; };
		427163C72A587E8F00A11E0C /* Assets.xcassets in Resources */ = {isa = PBXBuildFile; fileRef = 427163C62A587E8F00A11E0C /* Assets.xcassets */; };
		427163CA2A587E8F00A11E0C /* LaunchScreen.storyboard in Resources */ = {isa = PBXBuildFile; fileRef = 427163C82A587E8F00A11E0C /* LaunchScreen.storyboard */; };
		427910882A5B03410037032D /* Login.storyboard in Resources */ = {isa = PBXBuildFile; fileRef = 427910872A5B03410037032D /* Login.storyboard */; };
		4279108A2A5B03630037032D /* LoginViewController.swift in Sources */ = {isa = PBXBuildFile; fileRef = 427910892A5B03630037032D /* LoginViewController.swift */; };
		42BBC6C52A6F03500029FF44 /* Show.swift in Sources */ = {isa = PBXBuildFile; fileRef = 42BBC6C42A6F03500029FF44 /* Show.swift */; };
		42BBC6C72A7055D50029FF44 /* TVShowTableViewCell.swift in Sources */ = {isa = PBXBuildFile; fileRef = 42BBC6C62A7055D50029FF44 /* TVShowTableViewCell.swift */; };
		42BBC6D02A72DCFB0029FF44 /* ShowDetails.storyboard in Resources */ = {isa = PBXBuildFile; fileRef = 42BBC6CF2A72DCFB0029FF44 /* ShowDetails.storyboard */; };
		42BBC6D22A72DD110029FF44 /* ShowDetailsViewController.swift in Sources */ = {isa = PBXBuildFile; fileRef = 42BBC6D12A72DD110029FF44 /* ShowDetailsViewController.swift */; };
		42BBC6D42A72E5220029FF44 /* Review.swift in Sources */ = {isa = PBXBuildFile; fileRef = 42BBC6D32A72E5220029FF44 /* Review.swift */; };
		42BBC6D62A73BE050029FF44 /* RatingView.swift in Sources */ = {isa = PBXBuildFile; fileRef = 42BBC6D52A73BE050029FF44 /* RatingView.swift */; };
		42BBC6D82A73BFF00029FF44 /* ShowDetailsTableViewCell.swift in Sources */ = {isa = PBXBuildFile; fileRef = 42BBC6D72A73BFF00029FF44 /* ShowDetailsTableViewCell.swift */; };
		42BBC6DC2A7454F40029FF44 /* ReviewsTableViewCell.swift in Sources */ = {isa = PBXBuildFile; fileRef = 42BBC6DB2A7454F40029FF44 /* ReviewsTableViewCell.swift */; };
		42BBC6DE2A746A7E0029FF44 /* WriteReview.storyboard in Resources */ = {isa = PBXBuildFile; fileRef = 42BBC6DD2A746A7E0029FF44 /* WriteReview.storyboard */; };
		42E07FB62A694DFE0019367B /* Home.storyboard in Resources */ = {isa = PBXBuildFile; fileRef = 42E07FB52A694DFE0019367B /* Home.storyboard */; };
		42E07FB82A694E280019367B /* HomeViewController.swift in Sources */ = {isa = PBXBuildFile; fileRef = 42E07FB72A694E280019367B /* HomeViewController.swift */; };
		42E07FBC2A697ADF0019367B /* User.swift in Sources */ = {isa = PBXBuildFile; fileRef = 42E07FBB2A697ADF0019367B /* User.swift */; };
		A35055E7ABF1B06F3A8966C5 /* Pods_TV_Shows.framework in Frameworks */ = {isa = PBXBuildFile; fileRef = F535277DC0BB37F18E103ECC /* Pods_TV_Shows.framework */; };
/* End PBXBuildFile section */

/* Begin PBXFileReference section */
		425372D82A7545A9008D33ED /* WriteReviewViewController.swift */ = {isa = PBXFileReference; lastKnownFileType = sourcecode.swift; path = WriteReviewViewController.swift; sourceTree = "<group>"; };
		427163BA2A587E8F00A11E0C /* TV Shows.app */ = {isa = PBXFileReference; explicitFileType = wrapper.application; includeInIndex = 0; path = "TV Shows.app"; sourceTree = BUILT_PRODUCTS_DIR; };
		427163BD2A587E8F00A11E0C /* AppDelegate.swift */ = {isa = PBXFileReference; lastKnownFileType = sourcecode.swift; path = AppDelegate.swift; sourceTree = "<group>"; };
		427163BF2A587E8F00A11E0C /* SceneDelegate.swift */ = {isa = PBXFileReference; lastKnownFileType = sourcecode.swift; path = SceneDelegate.swift; sourceTree = "<group>"; };
		427163C62A587E8F00A11E0C /* Assets.xcassets */ = {isa = PBXFileReference; lastKnownFileType = folder.assetcatalog; path = Assets.xcassets; sourceTree = "<group>"; };
		427163C92A587E8F00A11E0C /* Base */ = {isa = PBXFileReference; lastKnownFileType = file.storyboard; name = Base; path = Base.lproj/LaunchScreen.storyboard; sourceTree = "<group>"; };
		427163CB2A587E8F00A11E0C /* Info.plist */ = {isa = PBXFileReference; lastKnownFileType = text.plist.xml; path = Info.plist; sourceTree = "<group>"; };
		427910872A5B03410037032D /* Login.storyboard */ = {isa = PBXFileReference; lastKnownFileType = file.storyboard; path = Login.storyboard; sourceTree = "<group>"; };
		427910892A5B03630037032D /* LoginViewController.swift */ = {isa = PBXFileReference; lastKnownFileType = sourcecode.swift; path = LoginViewController.swift; sourceTree = "<group>"; };
		42BBC6C42A6F03500029FF44 /* Show.swift */ = {isa = PBXFileReference; lastKnownFileType = sourcecode.swift; path = Show.swift; sourceTree = "<group>"; };
		42BBC6C62A7055D50029FF44 /* TVShowTableViewCell.swift */ = {isa = PBXFileReference; lastKnownFileType = sourcecode.swift; path = TVShowTableViewCell.swift; sourceTree = "<group>"; };
		42BBC6CF2A72DCFB0029FF44 /* ShowDetails.storyboard */ = {isa = PBXFileReference; lastKnownFileType = file.storyboard; path = ShowDetails.storyboard; sourceTree = "<group>"; };
		42BBC6D12A72DD110029FF44 /* ShowDetailsViewController.swift */ = {isa = PBXFileReference; lastKnownFileType = sourcecode.swift; path = ShowDetailsViewController.swift; sourceTree = "<group>"; };
		42BBC6D32A72E5220029FF44 /* Review.swift */ = {isa = PBXFileReference; lastKnownFileType = sourcecode.swift; path = Review.swift; sourceTree = "<group>"; };
		42BBC6D52A73BE050029FF44 /* RatingView.swift */ = {isa = PBXFileReference; lastKnownFileType = sourcecode.swift; path = RatingView.swift; sourceTree = "<group>"; };
		42BBC6D72A73BFF00029FF44 /* ShowDetailsTableViewCell.swift */ = {isa = PBXFileReference; lastKnownFileType = sourcecode.swift; path = ShowDetailsTableViewCell.swift; sourceTree = "<group>"; };
		42BBC6DB2A7454F40029FF44 /* ReviewsTableViewCell.swift */ = {isa = PBXFileReference; lastKnownFileType = sourcecode.swift; path = ReviewsTableViewCell.swift; sourceTree = "<group>"; };
		42BBC6DD2A746A7E0029FF44 /* WriteReview.storyboard */ = {isa = PBXFileReference; lastKnownFileType = file.storyboard; path = WriteReview.storyboard; sourceTree = "<group>"; };
		42E07FB52A694DFE0019367B /* Home.storyboard */ = {isa = PBXFileReference; lastKnownFileType = file.storyboard; path = Home.storyboard; sourceTree = "<group>"; };
		42E07FB72A694E280019367B /* HomeViewController.swift */ = {isa = PBXFileReference; lastKnownFileType = sourcecode.swift; path = HomeViewController.swift; sourceTree = "<group>"; };
		42E07FBB2A697ADF0019367B /* User.swift */ = {isa = PBXFileReference; lastKnownFileType = sourcecode.swift; path = User.swift; sourceTree = "<group>"; };
		78A78CDFE5C314F8AC634D86 /* Pods-TV Shows.debug.xcconfig */ = {isa = PBXFileReference; includeInIndex = 1; lastKnownFileType = text.xcconfig; name = "Pods-TV Shows.debug.xcconfig"; path = "Target Support Files/Pods-TV Shows/Pods-TV Shows.debug.xcconfig"; sourceTree = "<group>"; };
		9EED65DA2E1A856205179A71 /* Pods-TV Shows.release.xcconfig */ = {isa = PBXFileReference; includeInIndex = 1; lastKnownFileType = text.xcconfig; name = "Pods-TV Shows.release.xcconfig"; path = "Target Support Files/Pods-TV Shows/Pods-TV Shows.release.xcconfig"; sourceTree = "<group>"; };
		F535277DC0BB37F18E103ECC /* Pods_TV_Shows.framework */ = {isa = PBXFileReference; explicitFileType = wrapper.framework; includeInIndex = 0; path = Pods_TV_Shows.framework; sourceTree = BUILT_PRODUCTS_DIR; };
/* End PBXFileReference section */

/* Begin PBXFrameworksBuildPhase section */
		427163B72A587E8F00A11E0C /* Frameworks */ = {
			isa = PBXFrameworksBuildPhase;
			buildActionMask = 2147483647;
			files = (
				A35055E7ABF1B06F3A8966C5 /* Pods_TV_Shows.framework in Frameworks */,
			);
			runOnlyForDeploymentPostprocessing = 0;
		};
/* End PBXFrameworksBuildPhase section */

/* Begin PBXGroup section */
		427163B12A587E8F00A11E0C = {
			isa = PBXGroup;
			children = (
				427163BC2A587E8F00A11E0C /* TV Shows */,
				427163BB2A587E8F00A11E0C /* Products */,
				CDC2C956BE584D111FB9449A /* Pods */,
				57AB270DC413B82F92009447 /* Frameworks */,
			);
			sourceTree = "<group>";
		};
		427163BB2A587E8F00A11E0C /* Products */ = {
			isa = PBXGroup;
			children = (
				427163BA2A587E8F00A11E0C /* TV Shows.app */,
			);
			name = Products;
			sourceTree = "<group>";
		};
		427163BC2A587E8F00A11E0C /* TV Shows */ = {
			isa = PBXGroup;
			children = (
				42E07FB42A694DC60019367B /* Home */,
				427910862A5B02E90037032D /* Login */,
				427163BD2A587E8F00A11E0C /* AppDelegate.swift */,
				427163BF2A587E8F00A11E0C /* SceneDelegate.swift */,
				427163C62A587E8F00A11E0C /* Assets.xcassets */,
				427163C82A587E8F00A11E0C /* LaunchScreen.storyboard */,
				427163CB2A587E8F00A11E0C /* Info.plist */,
			);
			path = "TV Shows";
			sourceTree = "<group>";
		};
		427910862A5B02E90037032D /* Login */ = {
			isa = PBXGroup;
			children = (
				427910872A5B03410037032D /* Login.storyboard */,
				427910892A5B03630037032D /* LoginViewController.swift */,
				42E07FBB2A697ADF0019367B /* User.swift */,
			);
			path = Login;
			sourceTree = "<group>";
		};
		42BBC6C82A7056050029FF44 /* Cells */ = {
			isa = PBXGroup;
			children = (
				42BBC6C62A7055D50029FF44 /* TVShowTableViewCell.swift */,
				42BBC6D72A73BFF00029FF44 /* ShowDetailsTableViewCell.swift */,
				42BBC6DB2A7454F40029FF44 /* ReviewsTableViewCell.swift */,
			);
			path = Cells;
			sourceTree = "<group>";
		};
		42E07FB42A694DC60019367B /* Home */ = {
			isa = PBXGroup;
			children = (
				42BBC6C82A7056050029FF44 /* Cells */,
				42E07FB52A694DFE0019367B /* Home.storyboard */,
				42E07FB72A694E280019367B /* HomeViewController.swift */,
				42BBC6C42A6F03500029FF44 /* Show.swift */,
				42BBC6CF2A72DCFB0029FF44 /* ShowDetails.storyboard */,
				42BBC6D12A72DD110029FF44 /* ShowDetailsViewController.swift */,
				42BBC6D32A72E5220029FF44 /* Review.swift */,
				42BBC6D52A73BE050029FF44 /* RatingView.swift */,
				42BBC6DD2A746A7E0029FF44 /* WriteReview.storyboard */,
				425372D82A7545A9008D33ED /* WriteReviewViewController.swift */,
			);
			path = Home;
			sourceTree = "<group>";
		};
		57AB270DC413B82F92009447 /* Frameworks */ = {
			isa = PBXGroup;
			children = (
				F535277DC0BB37F18E103ECC /* Pods_TV_Shows.framework */,
			);
			name = Frameworks;
			sourceTree = "<group>";
		};
		CDC2C956BE584D111FB9449A /* Pods */ = {
			isa = PBXGroup;
			children = (
				78A78CDFE5C314F8AC634D86 /* Pods-TV Shows.debug.xcconfig */,
				9EED65DA2E1A856205179A71 /* Pods-TV Shows.release.xcconfig */,
			);
			path = Pods;
			sourceTree = "<group>";
		};
/* End PBXGroup section */

/* Begin PBXNativeTarget section */
		427163B92A587E8F00A11E0C /* TV Shows */ = {
			isa = PBXNativeTarget;
			buildConfigurationList = 427163CE2A587E8F00A11E0C /* Build configuration list for PBXNativeTarget "TV Shows" */;
			buildPhases = (
				10B02F5EBB90010713F6822A /* [CP] Check Pods Manifest.lock */,
				427163B62A587E8F00A11E0C /* Sources */,
				427163B72A587E8F00A11E0C /* Frameworks */,
				427163B82A587E8F00A11E0C /* Resources */,
				1D2B735E30F84AFE74921D62 /* [CP] Embed Pods Frameworks */,
			);
			buildRules = (
			);
			dependencies = (
			);
			name = "TV Shows";
			productName = "TV Shows";
			productReference = 427163BA2A587E8F00A11E0C /* TV Shows.app */;
			productType = "com.apple.product-type.application";
		};
/* End PBXNativeTarget section */

/* Begin PBXProject section */
		427163B22A587E8F00A11E0C /* Project object */ = {
			isa = PBXProject;
			attributes = {
				BuildIndependentTargetsInParallel = 1;
				LastSwiftUpdateCheck = 1430;
				LastUpgradeCheck = 1430;
				TargetAttributes = {
					427163B92A587E8F00A11E0C = {
						CreatedOnToolsVersion = 14.3.1;
					};
				};
			};
			buildConfigurationList = 427163B52A587E8F00A11E0C /* Build configuration list for PBXProject "TV Shows" */;
			compatibilityVersion = "Xcode 14.0";
			developmentRegion = en;
			hasScannedForEncodings = 0;
			knownRegions = (
				en,
				Base,
			);
			mainGroup = 427163B12A587E8F00A11E0C;
			productRefGroup = 427163BB2A587E8F00A11E0C /* Products */;
			projectDirPath = "";
			projectRoot = "";
			targets = (
				427163B92A587E8F00A11E0C /* TV Shows */,
			);
		};
/* End PBXProject section */

/* Begin PBXResourcesBuildPhase section */
		427163B82A587E8F00A11E0C /* Resources */ = {
			isa = PBXResourcesBuildPhase;
			buildActionMask = 2147483647;
			files = (
				42BBC6DE2A746A7E0029FF44 /* WriteReview.storyboard in Resources */,
				427163CA2A587E8F00A11E0C /* LaunchScreen.storyboard in Resources */,
				427163C72A587E8F00A11E0C /* Assets.xcassets in Resources */,
				427910882A5B03410037032D /* Login.storyboard in Resources */,
				42BBC6D02A72DCFB0029FF44 /* ShowDetails.storyboard in Resources */,
				42E07FB62A694DFE0019367B /* Home.storyboard in Resources */,
			);
			runOnlyForDeploymentPostprocessing = 0;
		};
/* End PBXResourcesBuildPhase section */

/* Begin PBXShellScriptBuildPhase section */
		10B02F5EBB90010713F6822A /* [CP] Check Pods Manifest.lock */ = {
			isa = PBXShellScriptBuildPhase;
			buildActionMask = 2147483647;
			files = (
			);
			inputFileListPaths = (
			);
			inputPaths = (
				"${PODS_PODFILE_DIR_PATH}/Podfile.lock",
				"${PODS_ROOT}/Manifest.lock",
			);
			name = "[CP] Check Pods Manifest.lock";
			outputFileListPaths = (
			);
			outputPaths = (
				"$(DERIVED_FILE_DIR)/Pods-TV Shows-checkManifestLockResult.txt",
			);
			runOnlyForDeploymentPostprocessing = 0;
			shellPath = /bin/sh;
			shellScript = "diff \"${PODS_PODFILE_DIR_PATH}/Podfile.lock\" \"${PODS_ROOT}/Manifest.lock\" > /dev/null\nif [ $? != 0 ] ; then\n    # print error to STDERR\n    echo \"error: The sandbox is not in sync with the Podfile.lock. Run 'pod install' or update your CocoaPods installation.\" >&2\n    exit 1\nfi\n# This output is used by Xcode 'outputs' to avoid re-running this script phase.\necho \"SUCCESS\" > \"${SCRIPT_OUTPUT_FILE_0}\"\n";
			showEnvVarsInLog = 0;
		};
		1D2B735E30F84AFE74921D62 /* [CP] Embed Pods Frameworks */ = {
			isa = PBXShellScriptBuildPhase;
			buildActionMask = 2147483647;
			files = (
			);
			inputFileListPaths = (
				"${PODS_ROOT}/Target Support Files/Pods-TV Shows/Pods-TV Shows-frameworks-${CONFIGURATION}-input-files.xcfilelist",
			);
			name = "[CP] Embed Pods Frameworks";
			outputFileListPaths = (
				"${PODS_ROOT}/Target Support Files/Pods-TV Shows/Pods-TV Shows-frameworks-${CONFIGURATION}-output-files.xcfilelist",
			);
			runOnlyForDeploymentPostprocessing = 0;
			shellPath = /bin/sh;
			shellScript = "\"${PODS_ROOT}/Target Support Files/Pods-TV Shows/Pods-TV Shows-frameworks.sh\"\n";
			showEnvVarsInLog = 0;
		};
/* End PBXShellScriptBuildPhase section */

/* Begin PBXSourcesBuildPhase section */
		427163B62A587E8F00A11E0C /* Sources */ = {
			isa = PBXSourcesBuildPhase;
			buildActionMask = 2147483647;
			files = (
				42BBC6D22A72DD110029FF44 /* ShowDetailsViewController.swift in Sources */,
				425372D92A7545A9008D33ED /* WriteReviewViewController.swift in Sources */,
				42BBC6C52A6F03500029FF44 /* Show.swift in Sources */,
				42BBC6D42A72E5220029FF44 /* Review.swift in Sources */,
				42BBC6D62A73BE050029FF44 /* RatingView.swift in Sources */,
				4279108A2A5B03630037032D /* LoginViewController.swift in Sources */,
				42BBC6DC2A7454F40029FF44 /* ReviewsTableViewCell.swift in Sources */,
				42BBC6C72A7055D50029FF44 /* TVShowTableViewCell.swift in Sources */,
				427163BE2A587E8F00A11E0C /* AppDelegate.swift in Sources */,
				427163C02A587E8F00A11E0C /* SceneDelegate.swift in Sources */,
				42E07FBC2A697ADF0019367B /* User.swift in Sources */,
				42BBC6D82A73BFF00029FF44 /* ShowDetailsTableViewCell.swift in Sources */,
				42E07FB82A694E280019367B /* HomeViewController.swift in Sources */,
			);
			runOnlyForDeploymentPostprocessing = 0;
		};
/* End PBXSourcesBuildPhase section */

/* Begin PBXVariantGroup section */
		427163C82A587E8F00A11E0C /* LaunchScreen.storyboard */ = {
			isa = PBXVariantGroup;
			children = (
				427163C92A587E8F00A11E0C /* Base */,
			);
			name = LaunchScreen.storyboard;
			sourceTree = "<group>";
		};
/* End PBXVariantGroup section */

/* Begin XCBuildConfiguration section */
		427163CC2A587E8F00A11E0C /* Debug */ = {
			isa = XCBuildConfiguration;
			buildSettings = {
				ALWAYS_SEARCH_USER_PATHS = NO;
				CLANG_ANALYZER_NONNULL = YES;
				CLANG_ANALYZER_NUMBER_OBJECT_CONVERSION = YES_AGGRESSIVE;
				CLANG_CXX_LANGUAGE_STANDARD = "gnu++20";
				CLANG_ENABLE_MODULES = YES;
				CLANG_ENABLE_OBJC_ARC = YES;
				CLANG_ENABLE_OBJC_WEAK = YES;
				CLANG_WARN_BLOCK_CAPTURE_AUTORELEASING = YES;
				CLANG_WARN_BOOL_CONVERSION = YES;
				CLANG_WARN_COMMA = YES;
				CLANG_WARN_CONSTANT_CONVERSION = YES;
				CLANG_WARN_DEPRECATED_OBJC_IMPLEMENTATIONS = YES;
				CLANG_WARN_DIRECT_OBJC_ISA_USAGE = YES_ERROR;
				CLANG_WARN_DOCUMENTATION_COMMENTS = YES;
				CLANG_WARN_EMPTY_BODY = YES;
				CLANG_WARN_ENUM_CONVERSION = YES;
				CLANG_WARN_INFINITE_RECURSION = YES;
				CLANG_WARN_INT_CONVERSION = YES;
				CLANG_WARN_NON_LITERAL_NULL_CONVERSION = YES;
				CLANG_WARN_OBJC_IMPLICIT_RETAIN_SELF = YES;
				CLANG_WARN_OBJC_LITERAL_CONVERSION = YES;
				CLANG_WARN_OBJC_ROOT_CLASS = YES_ERROR;
				CLANG_WARN_QUOTED_INCLUDE_IN_FRAMEWORK_HEADER = YES;
				CLANG_WARN_RANGE_LOOP_ANALYSIS = YES;
				CLANG_WARN_STRICT_PROTOTYPES = YES;
				CLANG_WARN_SUSPICIOUS_MOVE = YES;
				CLANG_WARN_UNGUARDED_AVAILABILITY = YES_AGGRESSIVE;
				CLANG_WARN_UNREACHABLE_CODE = YES;
				CLANG_WARN__DUPLICATE_METHOD_MATCH = YES;
				COPY_PHASE_STRIP = NO;
				DEBUG_INFORMATION_FORMAT = dwarf;
				ENABLE_STRICT_OBJC_MSGSEND = YES;
				ENABLE_TESTABILITY = YES;
				GCC_C_LANGUAGE_STANDARD = gnu11;
				GCC_DYNAMIC_NO_PIC = NO;
				GCC_NO_COMMON_BLOCKS = YES;
				GCC_OPTIMIZATION_LEVEL = 0;
				GCC_PREPROCESSOR_DEFINITIONS = (
					"DEBUG=1",
					"$(inherited)",
				);
				GCC_WARN_64_TO_32_BIT_CONVERSION = YES;
				GCC_WARN_ABOUT_RETURN_TYPE = YES_ERROR;
				GCC_WARN_UNDECLARED_SELECTOR = YES;
				GCC_WARN_UNINITIALIZED_AUTOS = YES_AGGRESSIVE;
				GCC_WARN_UNUSED_FUNCTION = YES;
				GCC_WARN_UNUSED_VARIABLE = YES;
				IPHONEOS_DEPLOYMENT_TARGET = 16.4;
				MTL_ENABLE_DEBUG_INFO = INCLUDE_SOURCE;
				MTL_FAST_MATH = YES;
				ONLY_ACTIVE_ARCH = YES;
				SDKROOT = iphoneos;
				SWIFT_ACTIVE_COMPILATION_CONDITIONS = DEBUG;
				SWIFT_OPTIMIZATION_LEVEL = "-Onone";
			};
			name = Debug;
		};
		427163CD2A587E8F00A11E0C /* Release */ = {
			isa = XCBuildConfiguration;
			buildSettings = {
				ALWAYS_SEARCH_USER_PATHS = NO;
				CLANG_ANALYZER_NONNULL = YES;
				CLANG_ANALYZER_NUMBER_OBJECT_CONVERSION = YES_AGGRESSIVE;
				CLANG_CXX_LANGUAGE_STANDARD = "gnu++20";
				CLANG_ENABLE_MODULES = YES;
				CLANG_ENABLE_OBJC_ARC = YES;
				CLANG_ENABLE_OBJC_WEAK = YES;
				CLANG_WARN_BLOCK_CAPTURE_AUTORELEASING = YES;
				CLANG_WARN_BOOL_CONVERSION = YES;
				CLANG_WARN_COMMA = YES;
				CLANG_WARN_CONSTANT_CONVERSION = YES;
				CLANG_WARN_DEPRECATED_OBJC_IMPLEMENTATIONS = YES;
				CLANG_WARN_DIRECT_OBJC_ISA_USAGE = YES_ERROR;
				CLANG_WARN_DOCUMENTATION_COMMENTS = YES;
				CLANG_WARN_EMPTY_BODY = YES;
				CLANG_WARN_ENUM_CONVERSION = YES;
				CLANG_WARN_INFINITE_RECURSION = YES;
				CLANG_WARN_INT_CONVERSION = YES;
				CLANG_WARN_NON_LITERAL_NULL_CONVERSION = YES;
				CLANG_WARN_OBJC_IMPLICIT_RETAIN_SELF = YES;
				CLANG_WARN_OBJC_LITERAL_CONVERSION = YES;
				CLANG_WARN_OBJC_ROOT_CLASS = YES_ERROR;
				CLANG_WARN_QUOTED_INCLUDE_IN_FRAMEWORK_HEADER = YES;
				CLANG_WARN_RANGE_LOOP_ANALYSIS = YES;
				CLANG_WARN_STRICT_PROTOTYPES = YES;
				CLANG_WARN_SUSPICIOUS_MOVE = YES;
				CLANG_WARN_UNGUARDED_AVAILABILITY = YES_AGGRESSIVE;
				CLANG_WARN_UNREACHABLE_CODE = YES;
				CLANG_WARN__DUPLICATE_METHOD_MATCH = YES;
				COPY_PHASE_STRIP = NO;
				DEBUG_INFORMATION_FORMAT = "dwarf-with-dsym";
				ENABLE_NS_ASSERTIONS = NO;
				ENABLE_STRICT_OBJC_MSGSEND = YES;
				GCC_C_LANGUAGE_STANDARD = gnu11;
				GCC_NO_COMMON_BLOCKS = YES;
				GCC_WARN_64_TO_32_BIT_CONVERSION = YES;
				GCC_WARN_ABOUT_RETURN_TYPE = YES_ERROR;
				GCC_WARN_UNDECLARED_SELECTOR = YES;
				GCC_WARN_UNINITIALIZED_AUTOS = YES_AGGRESSIVE;
				GCC_WARN_UNUSED_FUNCTION = YES;
				GCC_WARN_UNUSED_VARIABLE = YES;
				IPHONEOS_DEPLOYMENT_TARGET = 16.4;
				MTL_ENABLE_DEBUG_INFO = NO;
				MTL_FAST_MATH = YES;
				SDKROOT = iphoneos;
				SWIFT_COMPILATION_MODE = wholemodule;
				SWIFT_OPTIMIZATION_LEVEL = "-O";
				VALIDATE_PRODUCT = YES;
			};
			name = Release;
		};
		427163CF2A587E8F00A11E0C /* Debug */ = {
			isa = XCBuildConfiguration;
			baseConfigurationReference = 78A78CDFE5C314F8AC634D86 /* Pods-TV Shows.debug.xcconfig */;
			buildSettings = {
				ASSETCATALOG_COMPILER_APPICON_NAME = AppIcon;
				ASSETCATALOG_COMPILER_GLOBAL_ACCENT_COLOR_NAME = AccentColor;
				CODE_SIGN_STYLE = Automatic;
				CURRENT_PROJECT_VERSION = 1;
				GENERATE_INFOPLIST_FILE = YES;
				INFOPLIST_FILE = "TV Shows/Info.plist";
				INFOPLIST_KEY_LSApplicationCategoryType = "";
				INFOPLIST_KEY_UIApplicationSupportsIndirectInputEvents = YES;
				INFOPLIST_KEY_UILaunchStoryboardName = LaunchScreen;
				INFOPLIST_KEY_UIMainStoryboardFile = Login;
				INFOPLIST_KEY_UISupportedInterfaceOrientations_iPad = "UIInterfaceOrientationPortrait UIInterfaceOrientationPortraitUpsideDown UIInterfaceOrientationLandscapeLeft UIInterfaceOrientationLandscapeRight";
				INFOPLIST_KEY_UISupportedInterfaceOrientations_iPhone = "UIInterfaceOrientationPortrait UIInterfaceOrientationLandscapeLeft UIInterfaceOrientationLandscapeRight";
				IPHONEOS_DEPLOYMENT_TARGET = 15.0;
				LD_RUNPATH_SEARCH_PATHS = (
					"$(inherited)",
					"@executable_path/Frameworks",
				);
				MARKETING_VERSION = 1.0;
				PRODUCT_BUNDLE_IDENTIFIER = "com.infinum.tv-shows.TV-Shows";
				PRODUCT_NAME = "$(TARGET_NAME)";
				SWIFT_EMIT_LOC_STRINGS = YES;
				SWIFT_VERSION = 5.0;
				TARGETED_DEVICE_FAMILY = "1,2";
			};
			name = Debug;
		};
		427163D02A587E8F00A11E0C /* Release */ = {
			isa = XCBuildConfiguration;
			baseConfigurationReference = 9EED65DA2E1A856205179A71 /* Pods-TV Shows.release.xcconfig */;
			buildSettings = {
				ASSETCATALOG_COMPILER_APPICON_NAME = AppIcon;
				ASSETCATALOG_COMPILER_GLOBAL_ACCENT_COLOR_NAME = AccentColor;
				CODE_SIGN_STYLE = Automatic;
				CURRENT_PROJECT_VERSION = 1;
				GENERATE_INFOPLIST_FILE = YES;
				INFOPLIST_FILE = "TV Shows/Info.plist";
				INFOPLIST_KEY_LSApplicationCategoryType = "";
				INFOPLIST_KEY_UIApplicationSupportsIndirectInputEvents = YES;
				INFOPLIST_KEY_UILaunchStoryboardName = LaunchScreen;
				INFOPLIST_KEY_UIMainStoryboardFile = Login;
				INFOPLIST_KEY_UISupportedInterfaceOrientations_iPad = "UIInterfaceOrientationPortrait UIInterfaceOrientationPortraitUpsideDown UIInterfaceOrientationLandscapeLeft UIInterfaceOrientationLandscapeRight";
				INFOPLIST_KEY_UISupportedInterfaceOrientations_iPhone = "UIInterfaceOrientationPortrait UIInterfaceOrientationLandscapeLeft UIInterfaceOrientationLandscapeRight";
				IPHONEOS_DEPLOYMENT_TARGET = 15.0;
				LD_RUNPATH_SEARCH_PATHS = (
					"$(inherited)",
					"@executable_path/Frameworks",
				);
				MARKETING_VERSION = 1.0;
				PRODUCT_BUNDLE_IDENTIFIER = "com.infinum.tv-shows.TV-Shows";
				PRODUCT_NAME = "$(TARGET_NAME)";
				SWIFT_EMIT_LOC_STRINGS = YES;
				SWIFT_VERSION = 5.0;
				TARGETED_DEVICE_FAMILY = "1,2";
			};
			name = Release;
		};
/* End XCBuildConfiguration section */

/* Begin XCConfigurationList section */
		427163B52A587E8F00A11E0C /* Build configuration list for PBXProject "TV Shows" */ = {
			isa = XCConfigurationList;
			buildConfigurations = (
				427163CC2A587E8F00A11E0C /* Debug */,
				427163CD2A587E8F00A11E0C /* Release */,
			);
			defaultConfigurationIsVisible = 0;
			defaultConfigurationName = Release;
		};
		427163CE2A587E8F00A11E0C /* Build configuration list for PBXNativeTarget "TV Shows" */ = {
			isa = XCConfigurationList;
			buildConfigurations = (
				427163CF2A587E8F00A11E0C /* Debug */,
				427163D02A587E8F00A11E0C /* Release */,
			);
			defaultConfigurationIsVisible = 0;
			defaultConfigurationName = Release;
		};
/* End XCConfigurationList section */
	};
	rootObject = 427163B22A587E8F00A11E0C /* Project object */;
}
